// !$*UTF8*$!
{
	archiveVersion = 1;
	classes = {
	};
	objectVersion = 50;
	objects = {

/* Begin PBXBuildFile section */
		67FC84EC25B53E130037F61C /* ChangeWatcherApp.swift in Sources */ = {isa = PBXBuildFile; fileRef = 67FC84EB25B53E130037F61C /* ChangeWatcherApp.swift */; };
		67FC84EE25B53E130037F61C /* ContentView.swift in Sources */ = {isa = PBXBuildFile; fileRef = 67FC84ED25B53E130037F61C /* ContentView.swift */; };
		67FC84F025B53E150037F61C /* Assets.xcassets in Resources */ = {isa = PBXBuildFile; fileRef = 67FC84EF25B53E150037F61C /* Assets.xcassets */; };
		67FC84F325B53E150037F61C /* Preview Assets.xcassets in Resources */ = {isa = PBXBuildFile; fileRef = 67FC84F225B53E150037F61C /* Preview Assets.xcassets */; };
		67FC850925B541110037F61C /* UIViewContainerView.swift in Sources */ = {isa = PBXBuildFile; fileRef = 67FC850125B541100037F61C /* UIViewContainerView.swift */; };
		67FC851825B5422B0037F61C /* BrowserView.swift in Sources */ = {isa = PBXBuildFile; fileRef = 67FC851525B5422B0037F61C /* BrowserView.swift */; };
		67FC851925B5422B0037F61C /* BrowserWebView.swift in Sources */ = {isa = PBXBuildFile; fileRef = 67FC851625B5422B0037F61C /* BrowserWebView.swift */; };
		67FC851A25B5422B0037F61C /* WebViewStore.swift in Sources */ = {isa = PBXBuildFile; fileRef = 67FC851725B5422B0037F61C /* WebViewStore.swift */; };
		67FC851E25B5445E0037F61C /* WebCacheCleaner.swift in Sources */ = {isa = PBXBuildFile; fileRef = 67FC851D25B5445E0037F61C /* WebCacheCleaner.swift */; };
/* End PBXBuildFile section */

/* Begin PBXFileReference section */
		67FC84E825B53E130037F61C /* ChangeWatcher.app */ = {isa = PBXFileReference; explicitFileType = wrapper.application; includeInIndex = 0; path = ChangeWatcher.app; sourceTree = BUILT_PRODUCTS_DIR; };
		67FC84EB25B53E130037F61C /* ChangeWatcherApp.swift */ = {isa = PBXFileReference; lastKnownFileType = sourcecode.swift; path = ChangeWatcherApp.swift; sourceTree = "<group>"; };
		67FC84ED25B53E130037F61C /* ContentView.swift */ = {isa = PBXFileReference; lastKnownFileType = sourcecode.swift; path = ContentView.swift; sourceTree = "<group>"; };
		67FC84EF25B53E150037F61C /* Assets.xcassets */ = {isa = PBXFileReference; lastKnownFileType = folder.assetcatalog; path = Assets.xcassets; sourceTree = "<group>"; };
		67FC84F225B53E150037F61C /* Preview Assets.xcassets */ = {isa = PBXFileReference; lastKnownFileType = folder.assetcatalog; path = "Preview Assets.xcassets"; sourceTree = "<group>"; };
		67FC84F425B53E150037F61C /* Info.plist */ = {isa = PBXFileReference; lastKnownFileType = text.plist.xml; path = Info.plist; sourceTree = "<group>"; };
		67FC850125B541100037F61C /* UIViewContainerView.swift */ = {isa = PBXFileReference; fileEncoding = 4; lastKnownFileType = sourcecode.swift; path = UIViewContainerView.swift; sourceTree = "<group>"; };
		67FC851525B5422B0037F61C /* BrowserView.swift */ = {isa = PBXFileReference; fileEncoding = 4; lastKnownFileType = sourcecode.swift; path = BrowserView.swift; sourceTree = "<group>"; };
		67FC851625B5422B0037F61C /* BrowserWebView.swift */ = {isa = PBXFileReference; fileEncoding = 4; lastKnownFileType = sourcecode.swift; path = BrowserWebView.swift; sourceTree = "<group>"; };
		67FC851725B5422B0037F61C /* WebViewStore.swift */ = {isa = PBXFileReference; fileEncoding = 4; lastKnownFileType = sourcecode.swift; path = WebViewStore.swift; sourceTree = "<group>"; };
		67FC851D25B5445E0037F61C /* WebCacheCleaner.swift */ = {isa = PBXFileReference; lastKnownFileType = sourcecode.swift; path = WebCacheCleaner.swift; sourceTree = "<group>"; };
/* End PBXFileReference section */

/* Begin PBXFrameworksBuildPhase section */
		67FC84E525B53E130037F61C /* Frameworks */ = {
			isa = PBXFrameworksBuildPhase;
			buildActionMask = 2147483647;
			files = (
			);
			runOnlyForDeploymentPostprocessing = 0;
		};
/* End PBXFrameworksBuildPhase section */

/* Begin PBXGroup section */
		67FC84DF25B53E130037F61C = {
			isa = PBXGroup;
			children = (
				67FC84EA25B53E130037F61C /* ChangeWatcher */,
				67FC84E925B53E130037F61C /* Products */,
			);
			sourceTree = "<group>";
		};
		67FC84E925B53E130037F61C /* Products */ = {
			isa = PBXGroup;
			children = (
				67FC84E825B53E130037F61C /* ChangeWatcher.app */,
			);
			name = Products;
			sourceTree = "<group>";
		};
		67FC84EA25B53E130037F61C /* ChangeWatcher */ = {
			isa = PBXGroup;
			children = (
				67FC851C25B5444C0037F61C /* Utilities */,
				67FC84FB25B53FB10037F61C /* App */,
				67FC850025B540940037F61C /* Model */,
				67FC84FF25B540870037F61C /* Views */,
				67FC84EB25B53E130037F61C /* ChangeWatcherApp.swift */,
				67FC84ED25B53E130037F61C /* ContentView.swift */,
			);
			path = ChangeWatcher;
			sourceTree = "<group>";
		};
		67FC84F125B53E150037F61C /* Preview Content */ = {
			isa = PBXGroup;
			children = (
				67FC84F225B53E150037F61C /* Preview Assets.xcassets */,
			);
			path = "Preview Content";
			sourceTree = "<group>";
		};
		67FC84FB25B53FB10037F61C /* App */ = {
			isa = PBXGroup;
			children = (
				67FC84F425B53E150037F61C /* Info.plist */,
				67FC84EF25B53E150037F61C /* Assets.xcassets */,
				67FC84F125B53E150037F61C /* Preview Content */,
			);
			path = App;
			sourceTree = "<group>";
		};
		67FC84FF25B540870037F61C /* Views */ = {
			isa = PBXGroup;
			children = (
				67FC851125B5412A0037F61C /* Browser */,
				67FC850125B541100037F61C /* UIViewContainerView.swift */,
			);
			path = Views;
			sourceTree = "<group>";
		};
		67FC850025B540940037F61C /* Model */ = {
			isa = PBXGroup;
			children = (
			);
			path = Model;
			sourceTree = "<group>";
		};
		67FC851125B5412A0037F61C /* Browser */ = {
			isa = PBXGroup;
			children = (
				67FC851525B5422B0037F61C /* BrowserView.swift */,
				67FC851625B5422B0037F61C /* BrowserWebView.swift */,
				67FC851725B5422B0037F61C /* WebViewStore.swift */,
			);
			path = Browser;
			sourceTree = "<group>";
		};
		67FC851C25B5444C0037F61C /* Utilities */ = {
			isa = PBXGroup;
			children = (
				67FC851D25B5445E0037F61C /* WebCacheCleaner.swift */,
			);
			path = Utilities;
			sourceTree = "<group>";
		};
/* End PBXGroup section */

/* Begin PBXNativeTarget section */
		67FC84E725B53E130037F61C /* ChangeWatcher */ = {
			isa = PBXNativeTarget;
			buildConfigurationList = 67FC84F725B53E150037F61C /* Build configuration list for PBXNativeTarget "ChangeWatcher" */;
			buildPhases = (
				67FC84E425B53E130037F61C /* Sources */,
				67FC84E525B53E130037F61C /* Frameworks */,
				67FC84E625B53E130037F61C /* Resources */,
			);
			buildRules = (
			);
			dependencies = (
			);
			name = ChangeWatcher;
			productName = ChangeWatcher;
			productReference = 67FC84E825B53E130037F61C /* ChangeWatcher.app */;
			productType = "com.apple.product-type.application";
		};
/* End PBXNativeTarget section */

/* Begin PBXProject section */
		67FC84E025B53E130037F61C /* Project object */ = {
			isa = PBXProject;
			attributes = {
				LastSwiftUpdateCheck = 1230;
				LastUpgradeCheck = 1230;
				TargetAttributes = {
					67FC84E725B53E130037F61C = {
						CreatedOnToolsVersion = 12.3;
					};
				};
			};
			buildConfigurationList = 67FC84E325B53E130037F61C /* Build configuration list for PBXProject "ChangeWatcher" */;
			compatibilityVersion = "Xcode 9.3";
			developmentRegion = en;
			hasScannedForEncodings = 0;
			knownRegions = (
				en,
				Base,
			);
			mainGroup = 67FC84DF25B53E130037F61C;
			productRefGroup = 67FC84E925B53E130037F61C /* Products */;
			projectDirPath = "";
			projectRoot = "";
			targets = (
				67FC84E725B53E130037F61C /* ChangeWatcher */,
			);
		};
/* End PBXProject section */

/* Begin PBXResourcesBuildPhase section */
		67FC84E625B53E130037F61C /* Resources */ = {
			isa = PBXResourcesBuildPhase;
			buildActionMask = 2147483647;
			files = (
				67FC84F325B53E150037F61C /* Preview Assets.xcassets in Resources */,
				67FC84F025B53E150037F61C /* Assets.xcassets in Resources */,
			);
			runOnlyForDeploymentPostprocessing = 0;
		};
/* End PBXResourcesBuildPhase section */

/* Begin PBXSourcesBuildPhase section */
		67FC84E425B53E130037F61C /* Sources */ = {
			isa = PBXSourcesBuildPhase;
			buildActionMask = 2147483647;
			files = (
				67FC84EE25B53E130037F61C /* ContentView.swift in Sources */,
				67FC851925B5422B0037F61C /* BrowserWebView.swift in Sources */,
				67FC84EC25B53E130037F61C /* ChangeWatcherApp.swift in Sources */,
				67FC851A25B5422B0037F61C /* WebViewStore.swift in Sources */,
				67FC851E25B5445E0037F61C /* WebCacheCleaner.swift in Sources */,
				67FC850925B541110037F61C /* UIViewContainerView.swift in Sources */,
				67FC851825B5422B0037F61C /* BrowserView.swift in Sources */,
			);
			runOnlyForDeploymentPostprocessing = 0;
		};
/* End PBXSourcesBuildPhase section */

/* Begin XCBuildConfiguration section */
		67FC84F525B53E150037F61C /* Debug */ = {
			isa = XCBuildConfiguration;
			buildSettings = {
				ALWAYS_SEARCH_USER_PATHS = NO;
				CLANG_ANALYZER_NONNULL = YES;
				CLANG_ANALYZER_NUMBER_OBJECT_CONVERSION = YES_AGGRESSIVE;
				CLANG_CXX_LANGUAGE_STANDARD = "gnu++14";
				CLANG_CXX_LIBRARY = "libc++";
				CLANG_ENABLE_MODULES = YES;
				CLANG_ENABLE_OBJC_ARC = YES;
				CLANG_ENABLE_OBJC_WEAK = YES;
				CLANG_WARN_BLOCK_CAPTURE_AUTORELEASING = YES;
				CLANG_WARN_BOOL_CONVERSION = YES;
				CLANG_WARN_COMMA = YES;
				CLANG_WARN_CONSTANT_CONVERSION = YES;
				CLANG_WARN_DEPRECATED_OBJC_IMPLEMENTATIONS = YES;
				CLANG_WARN_DIRECT_OBJC_ISA_USAGE = YES_ERROR;
				CLANG_WARN_DOCUMENTATION_COMMENTS = YES;
				CLANG_WARN_EMPTY_BODY = YES;
				CLANG_WARN_ENUM_CONVERSION = YES;
				CLANG_WARN_INFINITE_RECURSION = YES;
				CLANG_WARN_INT_CONVERSION = YES;
				CLANG_WARN_NON_LITERAL_NULL_CONVERSION = YES;
				CLANG_WARN_OBJC_IMPLICIT_RETAIN_SELF = YES;
				CLANG_WARN_OBJC_LITERAL_CONVERSION = YES;
				CLANG_WARN_OBJC_ROOT_CLASS = YES_ERROR;
				CLANG_WARN_QUOTED_INCLUDE_IN_FRAMEWORK_HEADER = YES;
				CLANG_WARN_RANGE_LOOP_ANALYSIS = YES;
				CLANG_WARN_STRICT_PROTOTYPES = YES;
				CLANG_WARN_SUSPICIOUS_MOVE = YES;
				CLANG_WARN_UNGUARDED_AVAILABILITY = YES_AGGRESSIVE;
				CLANG_WARN_UNREACHABLE_CODE = YES;
				CLANG_WARN__DUPLICATE_METHOD_MATCH = YES;
				COPY_PHASE_STRIP = NO;
				DEBUG_INFORMATION_FORMAT = dwarf;
				ENABLE_STRICT_OBJC_MSGSEND = YES;
				ENABLE_TESTABILITY = YES;
				GCC_C_LANGUAGE_STANDARD = gnu11;
				GCC_DYNAMIC_NO_PIC = NO;
				GCC_NO_COMMON_BLOCKS = YES;
				GCC_OPTIMIZATION_LEVEL = 0;
				GCC_PREPROCESSOR_DEFINITIONS = (
					"DEBUG=1",
					"$(inherited)",
				);
				GCC_WARN_64_TO_32_BIT_CONVERSION = YES;
				GCC_WARN_ABOUT_RETURN_TYPE = YES_ERROR;
				GCC_WARN_UNDECLARED_SELECTOR = YES;
				GCC_WARN_UNINITIALIZED_AUTOS = YES_AGGRESSIVE;
				GCC_WARN_UNUSED_FUNCTION = YES;
				GCC_WARN_UNUSED_VARIABLE = YES;
				IPHONEOS_DEPLOYMENT_TARGET = 14.3;
				MTL_ENABLE_DEBUG_INFO = INCLUDE_SOURCE;
				MTL_FAST_MATH = YES;
				ONLY_ACTIVE_ARCH = YES;
				SDKROOT = iphoneos;
				SWIFT_ACTIVE_COMPILATION_CONDITIONS = DEBUG;
				SWIFT_OPTIMIZATION_LEVEL = "-Onone";
			};
			name = Debug;
		};
		67FC84F625B53E150037F61C /* Release */ = {
			isa = XCBuildConfiguration;
			buildSettings = {
				ALWAYS_SEARCH_USER_PATHS = NO;
				CLANG_ANALYZER_NONNULL = YES;
				CLANG_ANALYZER_NUMBER_OBJECT_CONVERSION = YES_AGGRESSIVE;
				CLANG_CXX_LANGUAGE_STANDARD = "gnu++14";
				CLANG_CXX_LIBRARY = "libc++";
				CLANG_ENABLE_MODULES = YES;
				CLANG_ENABLE_OBJC_ARC = YES;
				CLANG_ENABLE_OBJC_WEAK = YES;
				CLANG_WARN_BLOCK_CAPTURE_AUTORELEASING = YES;
				CLANG_WARN_BOOL_CONVERSION = YES;
				CLANG_WARN_COMMA = YES;
				CLANG_WARN_CONSTANT_CONVERSION = YES;
				CLANG_WARN_DEPRECATED_OBJC_IMPLEMENTATIONS = YES;
				CLANG_WARN_DIRECT_OBJC_ISA_USAGE = YES_ERROR;
				CLANG_WARN_DOCUMENTATION_COMMENTS = YES;
				CLANG_WARN_EMPTY_BODY = YES;
				CLANG_WARN_ENUM_CONVERSION = YES;
				CLANG_WARN_INFINITE_RECURSION = YES;
				CLANG_WARN_INT_CONVERSION = YES;
				CLANG_WARN_NON_LITERAL_NULL_CONVERSION = YES;
				CLANG_WARN_OBJC_IMPLICIT_RETAIN_SELF = YES;
				CLANG_WARN_OBJC_LITERAL_CONVERSION = YES;
				CLANG_WARN_OBJC_ROOT_CLASS = YES_ERROR;
				CLANG_WARN_QUOTED_INCLUDE_IN_FRAMEWORK_HEADER = YES;
				CLANG_WARN_RANGE_LOOP_ANALYSIS = YES;
				CLANG_WARN_STRICT_PROTOTYPES = YES;
				CLANG_WARN_SUSPICIOUS_MOVE = YES;
				CLANG_WARN_UNGUARDED_AVAILABILITY = YES_AGGRESSIVE;
				CLANG_WARN_UNREACHABLE_CODE = YES;
				CLANG_WARN__DUPLICATE_METHOD_MATCH = YES;
				COPY_PHASE_STRIP = NO;
				DEBUG_INFORMATION_FORMAT = "dwarf-with-dsym";
				ENABLE_NS_ASSERTIONS = NO;
				ENABLE_STRICT_OBJC_MSGSEND = YES;
				GCC_C_LANGUAGE_STANDARD = gnu11;
				GCC_NO_COMMON_BLOCKS = YES;
				GCC_WARN_64_TO_32_BIT_CONVERSION = YES;
				GCC_WARN_ABOUT_RETURN_TYPE = YES_ERROR;
				GCC_WARN_UNDECLARED_SELECTOR = YES;
				GCC_WARN_UNINITIALIZED_AUTOS = YES_AGGRESSIVE;
				GCC_WARN_UNUSED_FUNCTION = YES;
				GCC_WARN_UNUSED_VARIABLE = YES;
				IPHONEOS_DEPLOYMENT_TARGET = 14.3;
				MTL_ENABLE_DEBUG_INFO = NO;
				MTL_FAST_MATH = YES;
				SDKROOT = iphoneos;
				SWIFT_COMPILATION_MODE = wholemodule;
				SWIFT_OPTIMIZATION_LEVEL = "-O";
				VALIDATE_PRODUCT = YES;
			};
			name = Release;
		};
		67FC84F825B53E150037F61C /* Debug */ = {
			isa = XCBuildConfiguration;
			buildSettings = {
				ASSETCATALOG_COMPILER_APPICON_NAME = AppIcon;
				ASSETCATALOG_COMPILER_GLOBAL_ACCENT_COLOR_NAME = AccentColor;
				CODE_SIGN_STYLE = Automatic;
				DEVELOPMENT_ASSET_PATHS = "\"ChangeWatcher/App/Preview Content\"";
				DEVELOPMENT_TEAM = HQWWGBJ982;
				ENABLE_PREVIEWS = YES;
				INFOPLIST_FILE = ChangeWatcher/App/Info.plist;
				IPHONEOS_DEPLOYMENT_TARGET = 14.0;
				LD_RUNPATH_SEARCH_PATHS = (
					"$(inherited)",
					"@executable_path/Frameworks",
				);
				PRODUCT_BUNDLE_IDENTIFIER = com.np.ChangeWatcher;
				PRODUCT_NAME = "$(TARGET_NAME)";
				SWIFT_VERSION = 5.0;
				TARGETED_DEVICE_FAMILY = 1;
			};
			name = Debug;
		};
		67FC84F925B53E150037F61C /* Release */ = {
			isa = XCBuildConfiguration;
			buildSettings = {
				ASSETCATALOG_COMPILER_APPICON_NAME = AppIcon;
				ASSETCATALOG_COMPILER_GLOBAL_ACCENT_COLOR_NAME = AccentColor;
				CODE_SIGN_STYLE = Automatic;
				DEVELOPMENT_ASSET_PATHS = "\"ChangeWatcher/App/Preview Content\"";
				DEVELOPMENT_TEAM = HQWWGBJ982;
				ENABLE_PREVIEWS = YES;
				INFOPLIST_FILE = ChangeWatcher/App/Info.plist;
				IPHONEOS_DEPLOYMENT_TARGET = 14.0;
				LD_RUNPATH_SEARCH_PATHS = (
					"$(inherited)",
					"@executable_path/Frameworks",
				);
				PRODUCT_BUNDLE_IDENTIFIER = com.np.ChangeWatcher;
				PRODUCT_NAME = "$(TARGET_NAME)";
				SWIFT_VERSION = 5.0;
				TARGETED_DEVICE_FAMILY = 1;
			};
			name = Release;
		};
/* End XCBuildConfiguration section */

/* Begin XCConfigurationList section */
		67FC84E325B53E130037F61C /* Build configuration list for PBXProject "ChangeWatcher" */ = {
			isa = XCConfigurationList;
			buildConfigurations = (
				67FC84F525B53E150037F61C /* Debug */,
				67FC84F625B53E150037F61C /* Release */,
			);
			defaultConfigurationIsVisible = 0;
			defaultConfigurationName = Release;
		};
		67FC84F725B53E150037F61C /* Build configuration list for PBXNativeTarget "ChangeWatcher" */ = {
			isa = XCConfigurationList;
			buildConfigurations = (
				67FC84F825B53E150037F61C /* Debug */,
				67FC84F925B53E150037F61C /* Release */,
			);
			defaultConfigurationIsVisible = 0;
			defaultConfigurationName = Release;
		};
/* End XCConfigurationList section */
	};
	rootObject = 67FC84E025B53E130037F61C /* Project object */;
}
