// !$*UTF8*$!
{
	archiveVersion = 1;
	classes = {
	};
	objectVersion = 52;
	objects = {

/* Begin PBXBuildFile section */
		67FC84EC25B53E130037F61C /* ChangeWatcherApp.swift in Sources */ = {isa = PBXBuildFile; fileRef = 67FC84EB25B53E130037F61C /* ChangeWatcherApp.swift */; };
		67FC84EE25B53E130037F61C /* ContentView.swift in Sources */ = {isa = PBXBuildFile; fileRef = 67FC84ED25B53E130037F61C /* ContentView.swift */; };
		67FC84F025B53E150037F61C /* Assets.xcassets in Resources */ = {isa = PBXBuildFile; fileRef = 67FC84EF25B53E150037F61C /* Assets.xcassets */; };
		67FC84F325B53E150037F61C /* Preview Assets.xcassets in Resources */ = {isa = PBXBuildFile; fileRef = 67FC84F225B53E150037F61C /* Preview Assets.xcassets */; };
		67FC850925B541110037F61C /* UIViewContainerView.swift in Sources */ = {isa = PBXBuildFile; fileRef = 67FC850125B541100037F61C /* UIViewContainerView.swift */; };
		67FC851825B5422B0037F61C /* BrowserView.swift in Sources */ = {isa = PBXBuildFile; fileRef = 67FC851525B5422B0037F61C /* BrowserView.swift */; };
		67FC851925B5422B0037F61C /* BrowserWebView.swift in Sources */ = {isa = PBXBuildFile; fileRef = 67FC851625B5422B0037F61C /* BrowserWebView.swift */; };
		67FC851A25B5422B0037F61C /* WebViewStore.swift in Sources */ = {isa = PBXBuildFile; fileRef = 67FC851725B5422B0037F61C /* WebViewStore.swift */; };
		67FC851E25B5445E0037F61C /* WebCacheCleaner.swift in Sources */ = {isa = PBXBuildFile; fileRef = 67FC851D25B5445E0037F61C /* WebCacheCleaner.swift */; };
		67FC852225B5DD1F0037F61C /* Watchable.swift in Sources */ = {isa = PBXBuildFile; fileRef = 67FC852125B5DD1F0037F61C /* Watchable.swift */; };
		67FC852625B5DDD60037F61C /* BrowserSearchView.swift in Sources */ = {isa = PBXBuildFile; fileRef = 67FC852425B5DDD60037F61C /* BrowserSearchView.swift */; };
		67FC852725B5DDD60037F61C /* BrowserToolbarView.swift in Sources */ = {isa = PBXBuildFile; fileRef = 67FC852525B5DDD60037F61C /* BrowserToolbarView.swift */; };
		67FC852F25B5DF200037F61C /* Constants.swift in Sources */ = {isa = PBXBuildFile; fileRef = 67FC852E25B5DF200037F61C /* Constants.swift */; };
		67FC853225B5E5170037F61C /* ToolbarButtonView.swift in Sources */ = {isa = PBXBuildFile; fileRef = 67FC853125B5E5170037F61C /* ToolbarButtonView.swift */; };
		67FC853B25B5F5460037F61C /* PublicSuffix in Frameworks */ = {isa = PBXBuildFile; productRef = 67FC853A25B5F5460037F61C /* PublicSuffix */; };
		67FC854125B5F5A10037F61C /* SearchEngine.swift in Sources */ = {isa = PBXBuildFile; fileRef = 67FC854025B5F5A10037F61C /* SearchEngine.swift */; };
		67FC854425B5F7850037F61C /* String+.swift in Sources */ = {isa = PBXBuildFile; fileRef = 67FC854325B5F7850037F61C /* String+.swift */; };
		67FC854725B5FEF00037F61C /* SearchRequestProvider.swift in Sources */ = {isa = PBXBuildFile; fileRef = 67FC854625B5FEF00037F61C /* SearchRequestProvider.swift */; };
		67FC856125B6A16F0037F61C /* NetworkService.swift in Sources */ = {isa = PBXBuildFile; fileRef = 67FC856025B6A16F0037F61C /* NetworkService.swift */; };
		67FC857125B7E8070037F61C /* GoogleSearchEngine.swift in Sources */ = {isa = PBXBuildFile; fileRef = 67FC857025B7E8070037F61C /* GoogleSearchEngine.swift */; };
		67FC857425B7E8360037F61C /* YandexSearchEngine.swift in Sources */ = {isa = PBXBuildFile; fileRef = 67FC857325B7E8360037F61C /* YandexSearchEngine.swift */; };
		67FC857825B7EFC40037F61C /* SearchRequestError.swift in Sources */ = {isa = PBXBuildFile; fileRef = 67FC857725B7EFC40037F61C /* SearchRequestError.swift */; };
		67FC858725B92BF30037F61C /* css-selector-generator.min.js in Resources */ = {isa = PBXBuildFile; fileRef = 67FC857B25B92BF30037F61C /* css-selector-generator.min.js */; };
		67FC858825B92BF30037F61C /* JSStringProvider.swift in Sources */ = {isa = PBXBuildFile; fileRef = 67FC857C25B92BF30037F61C /* JSStringProvider.swift */; };
		67FC858925B92BF30037F61C /* remove-all-highlights.js in Resources */ = {isa = PBXBuildFile; fileRef = 67FC857E25B92BF30037F61C /* remove-all-highlights.js */; };
		67FC858A25B92BF30037F61C /* disable-text-selection.js in Resources */ = {isa = PBXBuildFile; fileRef = 67FC857F25B92BF30037F61C /* disable-text-selection.js */; };
		67FC858B25B92BF30037F61C /* highlight-selected-element.js in Resources */ = {isa = PBXBuildFile; fileRef = 67FC858025B92BF30037F61C /* highlight-selected-element.js */; };
		67FC858C25B92BF30037F61C /* css-selector-generator.js in Resources */ = {isa = PBXBuildFile; fileRef = 67FC858125B92BF30037F61C /* css-selector-generator.js */; };
		67FC858D25B92BF30037F61C /* finder.js in Resources */ = {isa = PBXBuildFile; fileRef = 67FC858225B92BF30037F61C /* finder.js */; };
		67FC859025B92BF30037F61C /* element-xpath.min.js in Resources */ = {isa = PBXBuildFile; fileRef = 67FC858625B92BF30037F61C /* element-xpath.min.js */; };
		67FC859625B92CBD0037F61C /* WKUserScript+.swift in Sources */ = {isa = PBXBuildFile; fileRef = 67FC859425B92CBD0037F61C /* WKUserScript+.swift */; };
		67FC859725B92CBD0037F61C /* WKWebViewConfiguration+.swift in Sources */ = {isa = PBXBuildFile; fileRef = 67FC859525B92CBD0037F61C /* WKWebViewConfiguration+.swift */; };
		67FC859C25B932190037F61C /* long-press-event.js in Resources */ = {isa = PBXBuildFile; fileRef = 67FC859B25B932190037F61C /* long-press-event.js */; };
/* End PBXBuildFile section */

/* Begin PBXFileReference section */
		67FC84E825B53E130037F61C /* ChangeWatcher.app */ = {isa = PBXFileReference; explicitFileType = wrapper.application; includeInIndex = 0; path = ChangeWatcher.app; sourceTree = BUILT_PRODUCTS_DIR; };
		67FC84EB25B53E130037F61C /* ChangeWatcherApp.swift */ = {isa = PBXFileReference; lastKnownFileType = sourcecode.swift; path = ChangeWatcherApp.swift; sourceTree = "<group>"; };
		67FC84ED25B53E130037F61C /* ContentView.swift */ = {isa = PBXFileReference; lastKnownFileType = sourcecode.swift; path = ContentView.swift; sourceTree = "<group>"; };
		67FC84EF25B53E150037F61C /* Assets.xcassets */ = {isa = PBXFileReference; lastKnownFileType = folder.assetcatalog; path = Assets.xcassets; sourceTree = "<group>"; };
		67FC84F225B53E150037F61C /* Preview Assets.xcassets */ = {isa = PBXFileReference; lastKnownFileType = folder.assetcatalog; path = "Preview Assets.xcassets"; sourceTree = "<group>"; };
		67FC84F425B53E150037F61C /* Info.plist */ = {isa = PBXFileReference; lastKnownFileType = text.plist.xml; path = Info.plist; sourceTree = "<group>"; };
		67FC850125B541100037F61C /* UIViewContainerView.swift */ = {isa = PBXFileReference; fileEncoding = 4; lastKnownFileType = sourcecode.swift; path = UIViewContainerView.swift; sourceTree = "<group>"; };
		67FC851525B5422B0037F61C /* BrowserView.swift */ = {isa = PBXFileReference; fileEncoding = 4; lastKnownFileType = sourcecode.swift; path = BrowserView.swift; sourceTree = "<group>"; };
		67FC851625B5422B0037F61C /* BrowserWebView.swift */ = {isa = PBXFileReference; fileEncoding = 4; lastKnownFileType = sourcecode.swift; path = BrowserWebView.swift; sourceTree = "<group>"; };
		67FC851725B5422B0037F61C /* WebViewStore.swift */ = {isa = PBXFileReference; fileEncoding = 4; lastKnownFileType = sourcecode.swift; path = WebViewStore.swift; sourceTree = "<group>"; };
		67FC851D25B5445E0037F61C /* WebCacheCleaner.swift */ = {isa = PBXFileReference; lastKnownFileType = sourcecode.swift; path = WebCacheCleaner.swift; sourceTree = "<group>"; };
		67FC852125B5DD1F0037F61C /* Watchable.swift */ = {isa = PBXFileReference; lastKnownFileType = sourcecode.swift; path = Watchable.swift; sourceTree = "<group>"; };
		67FC852425B5DDD60037F61C /* BrowserSearchView.swift */ = {isa = PBXFileReference; fileEncoding = 4; lastKnownFileType = sourcecode.swift; path = BrowserSearchView.swift; sourceTree = "<group>"; };
		67FC852525B5DDD60037F61C /* BrowserToolbarView.swift */ = {isa = PBXFileReference; fileEncoding = 4; lastKnownFileType = sourcecode.swift; path = BrowserToolbarView.swift; sourceTree = "<group>"; };
		67FC852E25B5DF200037F61C /* Constants.swift */ = {isa = PBXFileReference; lastKnownFileType = sourcecode.swift; path = Constants.swift; sourceTree = "<group>"; };
		67FC853125B5E5170037F61C /* ToolbarButtonView.swift */ = {isa = PBXFileReference; lastKnownFileType = sourcecode.swift; path = ToolbarButtonView.swift; sourceTree = "<group>"; };
		67FC854025B5F5A10037F61C /* SearchEngine.swift */ = {isa = PBXFileReference; lastKnownFileType = sourcecode.swift; path = SearchEngine.swift; sourceTree = "<group>"; };
		67FC854325B5F7850037F61C /* String+.swift */ = {isa = PBXFileReference; lastKnownFileType = sourcecode.swift; path = "String+.swift"; sourceTree = "<group>"; };
		67FC854625B5FEF00037F61C /* SearchRequestProvider.swift */ = {isa = PBXFileReference; lastKnownFileType = sourcecode.swift; path = SearchRequestProvider.swift; sourceTree = "<group>"; };
		67FC856025B6A16F0037F61C /* NetworkService.swift */ = {isa = PBXFileReference; lastKnownFileType = sourcecode.swift; path = NetworkService.swift; sourceTree = "<group>"; };
		67FC857025B7E8070037F61C /* GoogleSearchEngine.swift */ = {isa = PBXFileReference; lastKnownFileType = sourcecode.swift; path = GoogleSearchEngine.swift; sourceTree = "<group>"; };
		67FC857325B7E8360037F61C /* YandexSearchEngine.swift */ = {isa = PBXFileReference; lastKnownFileType = sourcecode.swift; path = YandexSearchEngine.swift; sourceTree = "<group>"; };
		67FC857725B7EFC40037F61C /* SearchRequestError.swift */ = {isa = PBXFileReference; lastKnownFileType = sourcecode.swift; path = SearchRequestError.swift; sourceTree = "<group>"; };
		67FC857B25B92BF30037F61C /* css-selector-generator.min.js */ = {isa = PBXFileReference; fileEncoding = 4; lastKnownFileType = sourcecode.javascript; path = "css-selector-generator.min.js"; sourceTree = "<group>"; };
		67FC857C25B92BF30037F61C /* JSStringProvider.swift */ = {isa = PBXFileReference; fileEncoding = 4; lastKnownFileType = sourcecode.swift; path = JSStringProvider.swift; sourceTree = "<group>"; };
		67FC857E25B92BF30037F61C /* remove-all-highlights.js */ = {isa = PBXFileReference; fileEncoding = 4; lastKnownFileType = sourcecode.javascript; path = "remove-all-highlights.js"; sourceTree = "<group>"; };
		67FC857F25B92BF30037F61C /* disable-text-selection.js */ = {isa = PBXFileReference; fileEncoding = 4; lastKnownFileType = sourcecode.javascript; path = "disable-text-selection.js"; sourceTree = "<group>"; };
		67FC858025B92BF30037F61C /* highlight-selected-element.js */ = {isa = PBXFileReference; fileEncoding = 4; lastKnownFileType = sourcecode.javascript; path = "highlight-selected-element.js"; sourceTree = "<group>"; };
		67FC858125B92BF30037F61C /* css-selector-generator.js */ = {isa = PBXFileReference; fileEncoding = 4; lastKnownFileType = sourcecode.javascript; path = "css-selector-generator.js"; sourceTree = "<group>"; };
		67FC858225B92BF30037F61C /* finder.js */ = {isa = PBXFileReference; fileEncoding = 4; lastKnownFileType = sourcecode.javascript; path = finder.js; sourceTree = "<group>"; };
		67FC858625B92BF30037F61C /* element-xpath.min.js */ = {isa = PBXFileReference; fileEncoding = 4; lastKnownFileType = sourcecode.javascript; path = "element-xpath.min.js"; sourceTree = "<group>"; };
		67FC859425B92CBD0037F61C /* WKUserScript+.swift */ = {isa = PBXFileReference; fileEncoding = 4; lastKnownFileType = sourcecode.swift; path = "WKUserScript+.swift"; sourceTree = "<group>"; };
		67FC859525B92CBD0037F61C /* WKWebViewConfiguration+.swift */ = {isa = PBXFileReference; fileEncoding = 4; lastKnownFileType = sourcecode.swift; path = "WKWebViewConfiguration+.swift"; sourceTree = "<group>"; };
		67FC859B25B932190037F61C /* long-press-event.js */ = {isa = PBXFileReference; fileEncoding = 4; lastKnownFileType = sourcecode.javascript; path = "long-press-event.js"; sourceTree = "<group>"; };
/* End PBXFileReference section */

/* Begin PBXFrameworksBuildPhase section */
		67FC84E525B53E130037F61C /* Frameworks */ = {
			isa = PBXFrameworksBuildPhase;
			buildActionMask = 2147483647;
			files = (
				67FC853B25B5F5460037F61C /* PublicSuffix in Frameworks */,
			);
			runOnlyForDeploymentPostprocessing = 0;
		};
/* End PBXFrameworksBuildPhase section */

/* Begin PBXGroup section */
		67FC84DF25B53E130037F61C = {
			isa = PBXGroup;
			children = (
				67FC84EA25B53E130037F61C /* ChangeWatcher */,
				67FC84E925B53E130037F61C /* Products */,
			);
			sourceTree = "<group>";
		};
		67FC84E925B53E130037F61C /* Products */ = {
			isa = PBXGroup;
			children = (
				67FC84E825B53E130037F61C /* ChangeWatcher.app */,
			);
			name = Products;
			sourceTree = "<group>";
		};
		67FC84EA25B53E130037F61C /* ChangeWatcher */ = {
			isa = PBXGroup;
			children = (
				67FC857A25B92BF30037F61C /* JS */,
				67FC855F25B6A1460037F61C /* Networking */,
				67FC853725B5F4530037F61C /* Extensions */,
				67FC852925B5DEB70037F61C /* Common */,
				67FC852025B5DCFD0037F61C /* Protocols */,
				67FC851C25B5444C0037F61C /* Utilities */,
				67FC84FB25B53FB10037F61C /* App */,
				67FC850025B540940037F61C /* Model */,
				67FC84FF25B540870037F61C /* Views */,
				67FC84EB25B53E130037F61C /* ChangeWatcherApp.swift */,
				67FC84ED25B53E130037F61C /* ContentView.swift */,
			);
			path = ChangeWatcher;
			sourceTree = "<group>";
		};
		67FC84F125B53E150037F61C /* Preview Content */ = {
			isa = PBXGroup;
			children = (
				67FC84F225B53E150037F61C /* Preview Assets.xcassets */,
			);
			path = "Preview Content";
			sourceTree = "<group>";
		};
		67FC84FB25B53FB10037F61C /* App */ = {
			isa = PBXGroup;
			children = (
				67FC84F425B53E150037F61C /* Info.plist */,
				67FC84EF25B53E150037F61C /* Assets.xcassets */,
				67FC84F125B53E150037F61C /* Preview Content */,
			);
			path = App;
			sourceTree = "<group>";
		};
		67FC84FF25B540870037F61C /* Views */ = {
			isa = PBXGroup;
			children = (
				67FC851125B5412A0037F61C /* Browser */,
				67FC850125B541100037F61C /* UIViewContainerView.swift */,
			);
			path = Views;
			sourceTree = "<group>";
		};
		67FC850025B540940037F61C /* Model */ = {
			isa = PBXGroup;
			children = (
			);
			path = Model;
			sourceTree = "<group>";
		};
		67FC851125B5412A0037F61C /* Browser */ = {
			isa = PBXGroup;
			children = (
				67FC851525B5422B0037F61C /* BrowserView.swift */,
				67FC851725B5422B0037F61C /* WebViewStore.swift */,
				67FC853525B5E5C70037F61C /* Components */,
			);
			path = Browser;
			sourceTree = "<group>";
		};
		67FC851C25B5444C0037F61C /* Utilities */ = {
			isa = PBXGroup;
			children = (
				67FC853825B5F4A60037F61C /* RequestProvider */,
				67FC851D25B5445E0037F61C /* WebCacheCleaner.swift */,
			);
			path = Utilities;
			sourceTree = "<group>";
		};
		67FC852025B5DCFD0037F61C /* Protocols */ = {
			isa = PBXGroup;
			children = (
				67FC852125B5DD1F0037F61C /* Watchable.swift */,
			);
			path = Protocols;
			sourceTree = "<group>";
		};
		67FC852925B5DEB70037F61C /* Common */ = {
			isa = PBXGroup;
			children = (
				67FC852E25B5DF200037F61C /* Constants.swift */,
			);
			path = Common;
			sourceTree = "<group>";
		};
		67FC853525B5E5C70037F61C /* Components */ = {
			isa = PBXGroup;
			children = (
				67FC851625B5422B0037F61C /* BrowserWebView.swift */,
				67FC852425B5DDD60037F61C /* BrowserSearchView.swift */,
				67FC852525B5DDD60037F61C /* BrowserToolbarView.swift */,
				67FC853125B5E5170037F61C /* ToolbarButtonView.swift */,
			);
			path = Components;
			sourceTree = "<group>";
		};
		67FC853725B5F4530037F61C /* Extensions */ = {
			isa = PBXGroup;
			children = (
				67FC859325B92C930037F61C /* WebKit */,
				67FC854325B5F7850037F61C /* String+.swift */,
			);
			path = Extensions;
			sourceTree = "<group>";
		};
		67FC853825B5F4A60037F61C /* RequestProvider */ = {
			isa = PBXGroup;
			children = (
				67FC856F25B7E7EF0037F61C /* SearchEngine */,
				67FC854625B5FEF00037F61C /* SearchRequestProvider.swift */,
				67FC857725B7EFC40037F61C /* SearchRequestError.swift */,
			);
			path = RequestProvider;
			sourceTree = "<group>";
		};
		67FC855F25B6A1460037F61C /* Networking */ = {
			isa = PBXGroup;
			children = (
				67FC856025B6A16F0037F61C /* NetworkService.swift */,
			);
			path = Networking;
			sourceTree = "<group>";
		};
		67FC856F25B7E7EF0037F61C /* SearchEngine */ = {
			isa = PBXGroup;
			children = (
				67FC854025B5F5A10037F61C /* SearchEngine.swift */,
				67FC857025B7E8070037F61C /* GoogleSearchEngine.swift */,
				67FC857325B7E8360037F61C /* YandexSearchEngine.swift */,
			);
			path = SearchEngine;
			sourceTree = "<group>";
		};
		67FC857A25B92BF30037F61C /* JS */ = {
			isa = PBXGroup;
			children = (
				67FC857B25B92BF30037F61C /* css-selector-generator.min.js */,
				67FC857C25B92BF30037F61C /* JSStringProvider.swift */,
				67FC857D25B92BF30037F61C /* CSS */,
				67FC858125B92BF30037F61C /* css-selector-generator.js */,
				67FC858225B92BF30037F61C /* finder.js */,
				67FC859B25B932190037F61C /* long-press-event.js */,
				67FC858625B92BF30037F61C /* element-xpath.min.js */,
			);
			path = JS;
			sourceTree = "<group>";
		};
		67FC857D25B92BF30037F61C /* CSS */ = {
			isa = PBXGroup;
			children = (
				67FC857E25B92BF30037F61C /* remove-all-highlights.js */,
				67FC857F25B92BF30037F61C /* disable-text-selection.js */,
				67FC858025B92BF30037F61C /* highlight-selected-element.js */,
			);
			path = CSS;
			sourceTree = "<group>";
		};
		67FC859325B92C930037F61C /* WebKit */ = {
			isa = PBXGroup;
			children = (
				67FC859425B92CBD0037F61C /* WKUserScript+.swift */,
				67FC859525B92CBD0037F61C /* WKWebViewConfiguration+.swift */,
			);
			path = WebKit;
			sourceTree = "<group>";
		};
/* End PBXGroup section */

/* Begin PBXNativeTarget section */
		67FC84E725B53E130037F61C /* ChangeWatcher */ = {
			isa = PBXNativeTarget;
			buildConfigurationList = 67FC84F725B53E150037F61C /* Build configuration list for PBXNativeTarget "ChangeWatcher" */;
			buildPhases = (
				67FC84E425B53E130037F61C /* Sources */,
				67FC84E525B53E130037F61C /* Frameworks */,
				67FC84E625B53E130037F61C /* Resources */,
			);
			buildRules = (
			);
			dependencies = (
			);
			name = ChangeWatcher;
			packageProductDependencies = (
				67FC853A25B5F5460037F61C /* PublicSuffix */,
			);
			productName = ChangeWatcher;
			productReference = 67FC84E825B53E130037F61C /* ChangeWatcher.app */;
			productType = "com.apple.product-type.application";
		};
/* End PBXNativeTarget section */

/* Begin PBXProject section */
		67FC84E025B53E130037F61C /* Project object */ = {
			isa = PBXProject;
			attributes = {
				LastSwiftUpdateCheck = 1230;
				LastUpgradeCheck = 1230;
				TargetAttributes = {
					67FC84E725B53E130037F61C = {
						CreatedOnToolsVersion = 12.3;
					};
				};
			};
			buildConfigurationList = 67FC84E325B53E130037F61C /* Build configuration list for PBXProject "ChangeWatcher" */;
			compatibilityVersion = "Xcode 9.3";
			developmentRegion = en;
			hasScannedForEncodings = 0;
			knownRegions = (
				en,
				Base,
			);
			mainGroup = 67FC84DF25B53E130037F61C;
			packageReferences = (
				67FC853925B5F5460037F61C /* XCRemoteSwiftPackageReference "PublicSuffix-Swift" */,
			);
			productRefGroup = 67FC84E925B53E130037F61C /* Products */;
			projectDirPath = "";
			projectRoot = "";
			targets = (
				67FC84E725B53E130037F61C /* ChangeWatcher */,
			);
		};
/* End PBXProject section */

/* Begin PBXResourcesBuildPhase section */
		67FC84E625B53E130037F61C /* Resources */ = {
			isa = PBXResourcesBuildPhase;
			buildActionMask = 2147483647;
			files = (
				67FC858A25B92BF30037F61C /* disable-text-selection.js in Resources */,
				67FC859C25B932190037F61C /* long-press-event.js in Resources */,
				67FC859025B92BF30037F61C /* element-xpath.min.js in Resources */,
				67FC84F325B53E150037F61C /* Preview Assets.xcassets in Resources */,
				67FC84F025B53E150037F61C /* Assets.xcassets in Resources */,
				67FC858725B92BF30037F61C /* css-selector-generator.min.js in Resources */,
				67FC858D25B92BF30037F61C /* finder.js in Resources */,
				67FC858C25B92BF30037F61C /* css-selector-generator.js in Resources */,
				67FC858925B92BF30037F61C /* remove-all-highlights.js in Resources */,
				67FC858B25B92BF30037F61C /* highlight-selected-element.js in Resources */,
			);
			runOnlyForDeploymentPostprocessing = 0;
		};
/* End PBXResourcesBuildPhase section */

/* Begin PBXSourcesBuildPhase section */
		67FC84E425B53E130037F61C /* Sources */ = {
			isa = PBXSourcesBuildPhase;
			buildActionMask = 2147483647;
			files = (
				67FC857425B7E8360037F61C /* YandexSearchEngine.swift in Sources */,
				67FC859725B92CBD0037F61C /* WKWebViewConfiguration+.swift in Sources */,
				67FC854725B5FEF00037F61C /* SearchRequestProvider.swift in Sources */,
				67FC853225B5E5170037F61C /* ToolbarButtonView.swift in Sources */,
				67FC852625B5DDD60037F61C /* BrowserSearchView.swift in Sources */,
				67FC854125B5F5A10037F61C /* SearchEngine.swift in Sources */,
				67FC856125B6A16F0037F61C /* NetworkService.swift in Sources */,
				67FC857125B7E8070037F61C /* GoogleSearchEngine.swift in Sources */,
				67FC859625B92CBD0037F61C /* WKUserScript+.swift in Sources */,
				67FC852F25B5DF200037F61C /* Constants.swift in Sources */,
				67FC857825B7EFC40037F61C /* SearchRequestError.swift in Sources */,
				67FC84EE25B53E130037F61C /* ContentView.swift in Sources */,
				67FC851925B5422B0037F61C /* BrowserWebView.swift in Sources */,
				67FC854425B5F7850037F61C /* String+.swift in Sources */,
				67FC84EC25B53E130037F61C /* ChangeWatcherApp.swift in Sources */,
				67FC851A25B5422B0037F61C /* WebViewStore.swift in Sources */,
				67FC851E25B5445E0037F61C /* WebCacheCleaner.swift in Sources */,
				67FC852225B5DD1F0037F61C /* Watchable.swift in Sources */,
				67FC858825B92BF30037F61C /* JSStringProvider.swift in Sources */,
				67FC852725B5DDD60037F61C /* BrowserToolbarView.swift in Sources */,
				67FC850925B541110037F61C /* UIViewContainerView.swift in Sources */,
				67FC851825B5422B0037F61C /* BrowserView.swift in Sources */,
			);
			runOnlyForDeploymentPostprocessing = 0;
		};
/* End PBXSourcesBuildPhase section */

/* Begin XCBuildConfiguration section */
		67FC84F525B53E150037F61C /* Debug */ = {
			isa = XCBuildConfiguration;
			buildSettings = {
				ALWAYS_SEARCH_USER_PATHS = NO;
				CLANG_ANALYZER_NONNULL = YES;
				CLANG_ANALYZER_NUMBER_OBJECT_CONVERSION = YES_AGGRESSIVE;
				CLANG_CXX_LANGUAGE_STANDARD = "gnu++14";
				CLANG_CXX_LIBRARY = "libc++";
				CLANG_ENABLE_MODULES = YES;
				CLANG_ENABLE_OBJC_ARC = YES;
				CLANG_ENABLE_OBJC_WEAK = YES;
				CLANG_WARN_BLOCK_CAPTURE_AUTORELEASING = YES;
				CLANG_WARN_BOOL_CONVERSION = YES;
				CLANG_WARN_COMMA = YES;
				CLANG_WARN_CONSTANT_CONVERSION = YES;
				CLANG_WARN_DEPRECATED_OBJC_IMPLEMENTATIONS = YES;
				CLANG_WARN_DIRECT_OBJC_ISA_USAGE = YES_ERROR;
				CLANG_WARN_DOCUMENTATION_COMMENTS = YES;
				CLANG_WARN_EMPTY_BODY = YES;
				CLANG_WARN_ENUM_CONVERSION = YES;
				CLANG_WARN_INFINITE_RECURSION = YES;
				CLANG_WARN_INT_CONVERSION = YES;
				CLANG_WARN_NON_LITERAL_NULL_CONVERSION = YES;
				CLANG_WARN_OBJC_IMPLICIT_RETAIN_SELF = YES;
				CLANG_WARN_OBJC_LITERAL_CONVERSION = YES;
				CLANG_WARN_OBJC_ROOT_CLASS = YES_ERROR;
				CLANG_WARN_QUOTED_INCLUDE_IN_FRAMEWORK_HEADER = YES;
				CLANG_WARN_RANGE_LOOP_ANALYSIS = YES;
				CLANG_WARN_STRICT_PROTOTYPES = YES;
				CLANG_WARN_SUSPICIOUS_MOVE = YES;
				CLANG_WARN_UNGUARDED_AVAILABILITY = YES_AGGRESSIVE;
				CLANG_WARN_UNREACHABLE_CODE = YES;
				CLANG_WARN__DUPLICATE_METHOD_MATCH = YES;
				COPY_PHASE_STRIP = NO;
				DEBUG_INFORMATION_FORMAT = dwarf;
				ENABLE_STRICT_OBJC_MSGSEND = YES;
				ENABLE_TESTABILITY = YES;
				GCC_C_LANGUAGE_STANDARD = gnu11;
				GCC_DYNAMIC_NO_PIC = NO;
				GCC_NO_COMMON_BLOCKS = YES;
				GCC_OPTIMIZATION_LEVEL = 0;
				GCC_PREPROCESSOR_DEFINITIONS = (
					"DEBUG=1",
					"$(inherited)",
				);
				GCC_WARN_64_TO_32_BIT_CONVERSION = YES;
				GCC_WARN_ABOUT_RETURN_TYPE = YES_ERROR;
				GCC_WARN_UNDECLARED_SELECTOR = YES;
				GCC_WARN_UNINITIALIZED_AUTOS = YES_AGGRESSIVE;
				GCC_WARN_UNUSED_FUNCTION = YES;
				GCC_WARN_UNUSED_VARIABLE = YES;
				IPHONEOS_DEPLOYMENT_TARGET = 14.3;
				MTL_ENABLE_DEBUG_INFO = INCLUDE_SOURCE;
				MTL_FAST_MATH = YES;
				ONLY_ACTIVE_ARCH = YES;
				SDKROOT = iphoneos;
				SWIFT_ACTIVE_COMPILATION_CONDITIONS = DEBUG;
				SWIFT_OPTIMIZATION_LEVEL = "-Onone";
			};
			name = Debug;
		};
		67FC84F625B53E150037F61C /* Release */ = {
			isa = XCBuildConfiguration;
			buildSettings = {
				ALWAYS_SEARCH_USER_PATHS = NO;
				CLANG_ANALYZER_NONNULL = YES;
				CLANG_ANALYZER_NUMBER_OBJECT_CONVERSION = YES_AGGRESSIVE;
				CLANG_CXX_LANGUAGE_STANDARD = "gnu++14";
				CLANG_CXX_LIBRARY = "libc++";
				CLANG_ENABLE_MODULES = YES;
				CLANG_ENABLE_OBJC_ARC = YES;
				CLANG_ENABLE_OBJC_WEAK = YES;
				CLANG_WARN_BLOCK_CAPTURE_AUTORELEASING = YES;
				CLANG_WARN_BOOL_CONVERSION = YES;
				CLANG_WARN_COMMA = YES;
				CLANG_WARN_CONSTANT_CONVERSION = YES;
				CLANG_WARN_DEPRECATED_OBJC_IMPLEMENTATIONS = YES;
				CLANG_WARN_DIRECT_OBJC_ISA_USAGE = YES_ERROR;
				CLANG_WARN_DOCUMENTATION_COMMENTS = YES;
				CLANG_WARN_EMPTY_BODY = YES;
				CLANG_WARN_ENUM_CONVERSION = YES;
				CLANG_WARN_INFINITE_RECURSION = YES;
				CLANG_WARN_INT_CONVERSION = YES;
				CLANG_WARN_NON_LITERAL_NULL_CONVERSION = YES;
				CLANG_WARN_OBJC_IMPLICIT_RETAIN_SELF = YES;
				CLANG_WARN_OBJC_LITERAL_CONVERSION = YES;
				CLANG_WARN_OBJC_ROOT_CLASS = YES_ERROR;
				CLANG_WARN_QUOTED_INCLUDE_IN_FRAMEWORK_HEADER = YES;
				CLANG_WARN_RANGE_LOOP_ANALYSIS = YES;
				CLANG_WARN_STRICT_PROTOTYPES = YES;
				CLANG_WARN_SUSPICIOUS_MOVE = YES;
				CLANG_WARN_UNGUARDED_AVAILABILITY = YES_AGGRESSIVE;
				CLANG_WARN_UNREACHABLE_CODE = YES;
				CLANG_WARN__DUPLICATE_METHOD_MATCH = YES;
				COPY_PHASE_STRIP = NO;
				DEBUG_INFORMATION_FORMAT = "dwarf-with-dsym";
				ENABLE_NS_ASSERTIONS = NO;
				ENABLE_STRICT_OBJC_MSGSEND = YES;
				GCC_C_LANGUAGE_STANDARD = gnu11;
				GCC_NO_COMMON_BLOCKS = YES;
				GCC_WARN_64_TO_32_BIT_CONVERSION = YES;
				GCC_WARN_ABOUT_RETURN_TYPE = YES_ERROR;
				GCC_WARN_UNDECLARED_SELECTOR = YES;
				GCC_WARN_UNINITIALIZED_AUTOS = YES_AGGRESSIVE;
				GCC_WARN_UNUSED_FUNCTION = YES;
				GCC_WARN_UNUSED_VARIABLE = YES;
				IPHONEOS_DEPLOYMENT_TARGET = 14.3;
				MTL_ENABLE_DEBUG_INFO = NO;
				MTL_FAST_MATH = YES;
				SDKROOT = iphoneos;
				SWIFT_COMPILATION_MODE = wholemodule;
				SWIFT_OPTIMIZATION_LEVEL = "-O";
				VALIDATE_PRODUCT = YES;
			};
			name = Release;
		};
		67FC84F825B53E150037F61C /* Debug */ = {
			isa = XCBuildConfiguration;
			buildSettings = {
				ASSETCATALOG_COMPILER_APPICON_NAME = AppIcon;
				ASSETCATALOG_COMPILER_GLOBAL_ACCENT_COLOR_NAME = AccentColor;
				CODE_SIGN_STYLE = Automatic;
				DEVELOPMENT_ASSET_PATHS = "\"ChangeWatcher/App/Preview Content\"";
				DEVELOPMENT_TEAM = HQWWGBJ982;
				ENABLE_PREVIEWS = YES;
				INFOPLIST_FILE = ChangeWatcher/App/Info.plist;
				IPHONEOS_DEPLOYMENT_TARGET = 14.0;
				LD_RUNPATH_SEARCH_PATHS = (
					"$(inherited)",
					"@executable_path/Frameworks",
				);
				PRODUCT_BUNDLE_IDENTIFIER = com.np.ChangeWatcher;
				PRODUCT_NAME = "$(TARGET_NAME)";
				SWIFT_VERSION = 5.0;
				TARGETED_DEVICE_FAMILY = 1;
			};
			name = Debug;
		};
		67FC84F925B53E150037F61C /* Release */ = {
			isa = XCBuildConfiguration;
			buildSettings = {
				ASSETCATALOG_COMPILER_APPICON_NAME = AppIcon;
				ASSETCATALOG_COMPILER_GLOBAL_ACCENT_COLOR_NAME = AccentColor;
				CODE_SIGN_STYLE = Automatic;
				DEVELOPMENT_ASSET_PATHS = "\"ChangeWatcher/App/Preview Content\"";
				DEVELOPMENT_TEAM = HQWWGBJ982;
				ENABLE_PREVIEWS = YES;
				INFOPLIST_FILE = ChangeWatcher/App/Info.plist;
				IPHONEOS_DEPLOYMENT_TARGET = 14.0;
				LD_RUNPATH_SEARCH_PATHS = (
					"$(inherited)",
					"@executable_path/Frameworks",
				);
				PRODUCT_BUNDLE_IDENTIFIER = com.np.ChangeWatcher;
				PRODUCT_NAME = "$(TARGET_NAME)";
				SWIFT_VERSION = 5.0;
				TARGETED_DEVICE_FAMILY = 1;
			};
			name = Release;
		};
/* End XCBuildConfiguration section */

/* Begin XCConfigurationList section */
		67FC84E325B53E130037F61C /* Build configuration list for PBXProject "ChangeWatcher" */ = {
			isa = XCConfigurationList;
			buildConfigurations = (
				67FC84F525B53E150037F61C /* Debug */,
				67FC84F625B53E150037F61C /* Release */,
			);
			defaultConfigurationIsVisible = 0;
			defaultConfigurationName = Release;
		};
		67FC84F725B53E150037F61C /* Build configuration list for PBXNativeTarget "ChangeWatcher" */ = {
			isa = XCConfigurationList;
			buildConfigurations = (
				67FC84F825B53E150037F61C /* Debug */,
				67FC84F925B53E150037F61C /* Release */,
			);
			defaultConfigurationIsVisible = 0;
			defaultConfigurationName = Release;
		};
/* End XCConfigurationList section */

/* Begin XCRemoteSwiftPackageReference section */
		67FC853925B5F5460037F61C /* XCRemoteSwiftPackageReference "PublicSuffix-Swift" */ = {
			isa = XCRemoteSwiftPackageReference;
			repositoryURL = "https://github.com/jameshurst/PublicSuffix-Swift.git";
			requirement = {
				kind = upToNextMajorVersion;
				minimumVersion = 0.1.0;
			};
		};
/* End XCRemoteSwiftPackageReference section */

/* Begin XCSwiftPackageProductDependency section */
		67FC853A25B5F5460037F61C /* PublicSuffix */ = {
			isa = XCSwiftPackageProductDependency;
			package = 67FC853925B5F5460037F61C /* XCRemoteSwiftPackageReference "PublicSuffix-Swift" */;
			productName = PublicSuffix;
		};
/* End XCSwiftPackageProductDependency section */
	};
	rootObject = 67FC84E025B53E130037F61C /* Project object */;
}
